
Microsoft Visual Studio Solution File, Format Version 12.00
# Visual Studio Version 17
VisualStudioVersion = 17.0.32112.339
MinimumVisualStudioVersion = 10.0.40219.1
Project("{FAE04EC0-301F-11D3-BF4B-00C04F79EFBC}") = "Automated Parking Lot Management System", "Automated Parking Lot Management System\Automated Parking Lot Management System.csproj", "{661F45DC-D05F-4377-931C-B300A60C0541}"
EndProject
Global
	GlobalSection(SolutionConfigurationPlatforms) = preSolution
		Debug|Any CPU = Debug|Any CPU
		Release|Any CPU = Release|Any CPU
	EndGlobalSection
	GlobalSection(ProjectConfigurationPlatforms) = postSolution
		{661F45DC-D05F-4377-931C-B300A60C0541}.Debug|Any CPU.ActiveCfg = Debug|Any CPU
		{661F45DC-D05F-4377-931C-B300A60C0541}.Debug|Any CPU.Build.0 = Debug|Any CPU
		{661F45DC-D05F-4377-931C-B300A60C0541}.Release|Any CPU.ActiveCfg = Release|Any CPU
		{661F45DC-D05F-4377-931C-B300A60C0541}.Release|Any CPU.Build.0 = Release|Any CPU
	EndGlobalSection
	GlobalSection(SolutionProperties) = preSolution
		HideSolutionNode = FALSE
	EndGlobalSection
	GlobalSection(ExtensibilityGlobals) = postSolution
		SolutionGuid = {0DED6C63-D723-499F-B747-F68726E668C1}
	EndGlobalSection
EndGlobal
